
Microsoft Visual Studio Solution File, Format Version 12.00
Project("{FAE04EC0-301F-11D3-BF4B-00C04F79EFBC}") = "NetBattle", "NetBattle\NetBattle.csproj", "{7EE46513-4D89-40D7-AA19-228186D01EEA}"
EndProject
Project("{FAE04EC0-301F-11D3-BF4B-00C04F79EFBC}") = "NetBattle.Test", "NetBattle.Test\NetBattle.Test.csproj", "{64133733-38FD-4D98-9C21-06CEA1EA42D5}"
EndProject
Global
	GlobalSection(SolutionConfigurationPlatforms) = preSolution
		Debug|Any CPU = Debug|Any CPU
		Release|Any CPU = Release|Any CPU
	EndGlobalSection
	GlobalSection(ProjectConfigurationPlatforms) = postSolution
		{7EE46513-4D89-40D7-AA19-228186D01EEA}.Debug|Any CPU.ActiveCfg = Debug|Any CPU
		{7EE46513-4D89-40D7-AA19-228186D01EEA}.Debug|Any CPU.Build.0 = Debug|Any CPU
		{7EE46513-4D89-40D7-AA19-228186D01EEA}.Release|Any CPU.ActiveCfg = Release|Any CPU
		{7EE46513-4D89-40D7-AA19-228186D01EEA}.Release|Any CPU.Build.0 = Release|Any CPU
		{64133733-38FD-4D98-9C21-06CEA1EA42D5}.Debug|Any CPU.ActiveCfg = Debug|Any CPU
		{64133733-38FD-4D98-9C21-06CEA1EA42D5}.Debug|Any CPU.Build.0 = Debug|Any CPU
		{64133733-38FD-4D98-9C21-06CEA1EA42D5}.Release|Any CPU.ActiveCfg = Release|Any CPU
		{64133733-38FD-4D98-9C21-06CEA1EA42D5}.Release|Any CPU.Build.0 = Release|Any CPU
	EndGlobalSection
EndGlobal
